
Microsoft Visual Studio Solution File, Format Version 12.00
Project("{FAE04EC0-301F-11D3-BF4B-00C04F79EFBC}") = "blazorTestAPp", "blazorTestAPp\blazorTestAPp.csproj", "{A837E645-DCD3-472D-9F76-845FB7F075CC}"
EndProject
Global
	GlobalSection(SolutionConfigurationPlatforms) = preSolution
		Debug|Any CPU = Debug|Any CPU
		Release|Any CPU = Release|Any CPU
	EndGlobalSection
	GlobalSection(ProjectConfigurationPlatforms) = postSolution
		{A837E645-DCD3-472D-9F76-845FB7F075CC}.Debug|Any CPU.ActiveCfg = Debug|Any CPU
		{A837E645-DCD3-472D-9F76-845FB7F075CC}.Debug|Any CPU.Build.0 = Debug|Any CPU
		{A837E645-DCD3-472D-9F76-845FB7F075CC}.Release|Any CPU.ActiveCfg = Release|Any CPU
		{A837E645-DCD3-472D-9F76-845FB7F075CC}.Release|Any CPU.Build.0 = Release|Any CPU
	EndGlobalSection
EndGlobal
